
Microsoft Visual Studio Solution File, Format Version 12.00
# Visual Studio Version 16
VisualStudioVersion = 16.0.29911.84
MinimumVisualStudioVersion = 10.0.40219.1
Project("{FAE04EC0-301F-11D3-BF4B-00C04F79EFBC}") = "LabExercise01", "LabExercise01.csproj", "{C6CCBBC8-5ACB-4ECF-B8C3-6F5108F19B3E}"
EndProject
Global
	GlobalSection(SolutionConfigurationPlatforms) = preSolution
		Debug|Any CPU = Debug|Any CPU
		Release|Any CPU = Release|Any CPU
	EndGlobalSection
	GlobalSection(ProjectConfigurationPlatforms) = postSolution
		{C6CCBBC8-5ACB-4ECF-B8C3-6F5108F19B3E}.Debug|Any CPU.ActiveCfg = Debug|Any CPU
		{C6CCBBC8-5ACB-4ECF-B8C3-6F5108F19B3E}.Debug|Any CPU.Build.0 = Debug|Any CPU
		{C6CCBBC8-5ACB-4ECF-B8C3-6F5108F19B3E}.Release|Any CPU.ActiveCfg = Release|Any CPU
		{C6CCBBC8-5ACB-4ECF-B8C3-6F5108F19B3E}.Release|Any CPU.Build.0 = Release|Any CPU
	EndGlobalSection
	GlobalSection(SolutionProperties) = preSolution
		HideSolutionNode = FALSE
	EndGlobalSection
	GlobalSection(ExtensibilityGlobals) = postSolution
		SolutionGuid = {2452B6AB-5920-416A-A832-CFCBB4F32063}
	EndGlobalSection
EndGlobal
